
Microsoft Visual Studio Solution File, Format Version 12.00
# Visual Studio Version 17
VisualStudioVersion = 17.4.33205.214
MinimumVisualStudioVersion = 10.0.40219.1
Project("{FAE04EC0-301F-11D3-BF4B-00C04F79EFBC}") = "Deliverable2 - Conditional Statements", "Deliverable2 - Conditional Statements\Deliverable2 - Conditional Statements.csproj", "{625EA22E-CC42-433F-89CD-163C4E1981A1}"
EndProject
Global
	GlobalSection(SolutionConfigurationPlatforms) = preSolution
		Debug|Any CPU = Debug|Any CPU
		Release|Any CPU = Release|Any CPU
	EndGlobalSection
	GlobalSection(ProjectConfigurationPlatforms) = postSolution
		{625EA22E-CC42-433F-89CD-163C4E1981A1}.Debug|Any CPU.ActiveCfg = Debug|Any CPU
		{625EA22E-CC42-433F-89CD-163C4E1981A1}.Debug|Any CPU.Build.0 = Debug|Any CPU
		{625EA22E-CC42-433F-89CD-163C4E1981A1}.Release|Any CPU.ActiveCfg = Release|Any CPU
		{625EA22E-CC42-433F-89CD-163C4E1981A1}.Release|Any CPU.Build.0 = Release|Any CPU
	EndGlobalSection
	GlobalSection(SolutionProperties) = preSolution
		HideSolutionNode = FALSE
	EndGlobalSection
	GlobalSection(ExtensibilityGlobals) = postSolution
		SolutionGuid = {7DC75599-20C7-4969-B9F5-7DE003C7CD24}
	EndGlobalSection
EndGlobal
